
Microsoft Visual Studio Solution File, Format Version 11.00
# Visual Studio 2010
Project("{FAE04EC0-301F-11D3-BF4B-00C04F79EFBC}") = "Assembly-CSharp", "Assembly-CSharp.csproj", "{676b9706-825c-e9c5-681d-dcbe273cdafd}"
EndProject
Project("{FAE04EC0-301F-11D3-BF4B-00C04F79EFBC}") = "Assembly-CSharp-firstpass", "Assembly-CSharp-firstpass.csproj", "{62f30369-1bc2-ca5d-d350-9414fdf38571}"
EndProject
Project("{FAE04EC0-301F-11D3-BF4B-00C04F79EFBC}") = "Assembly-CSharp-Editor-firstpass", "Assembly-CSharp-Editor-firstpass.csproj", "{0771579f-792e-710a-b387-2098f39824e0}"
EndProject
Global
	GlobalSection(SolutionConfigurationPlatforms) = preSolution
		Debug|Any CPU = Debug|Any CPU
	EndGlobalSection
	GlobalSection(ProjectConfigurationPlatforms) = postSolution
		{676b9706-825c-e9c5-681d-dcbe273cdafd}.Debug|Any CPU.ActiveCfg = Debug|Any CPU
		{676b9706-825c-e9c5-681d-dcbe273cdafd}.Debug|Any CPU.Build.0 = Debug|Any CPU
		{62f30369-1bc2-ca5d-d350-9414fdf38571}.Debug|Any CPU.ActiveCfg = Debug|Any CPU
		{62f30369-1bc2-ca5d-d350-9414fdf38571}.Debug|Any CPU.Build.0 = Debug|Any CPU
		{0771579f-792e-710a-b387-2098f39824e0}.Debug|Any CPU.ActiveCfg = Debug|Any CPU
		{0771579f-792e-710a-b387-2098f39824e0}.Debug|Any CPU.Build.0 = Debug|Any CPU
	EndGlobalSection
	GlobalSection(SolutionProperties) = preSolution
		HideSolutionNode = FALSE
	EndGlobalSection
EndGlobal
